
Microsoft Visual Studio Solution File, Format Version 11.00
# Visual Studio 2010
Project("{FAE04EC0-301F-11D3-BF4B-00C04F79EFBC}") = "NLibsndfile", "NLibsndfile\NLibsndfile.csproj", "{24E1D989-472B-4B01-A3CF-E5E5636C1DC5}"
EndProject
Global
	GlobalSection(SolutionConfigurationPlatforms) = preSolution
		Debug|Any CPU = Debug|Any CPU
		Release|Any CPU = Release|Any CPU
	EndGlobalSection
	GlobalSection(ProjectConfigurationPlatforms) = postSolution
		{24E1D989-472B-4B01-A3CF-E5E5636C1DC5}.Debug|Any CPU.ActiveCfg = Debug|Any CPU
		{24E1D989-472B-4B01-A3CF-E5E5636C1DC5}.Debug|Any CPU.Build.0 = Debug|Any CPU
		{24E1D989-472B-4B01-A3CF-E5E5636C1DC5}.Release|Any CPU.ActiveCfg = Release|Any CPU
		{24E1D989-472B-4B01-A3CF-E5E5636C1DC5}.Release|Any CPU.Build.0 = Release|Any CPU
	EndGlobalSection
	GlobalSection(SolutionProperties) = preSolution
		HideSolutionNode = FALSE
	EndGlobalSection
EndGlobal
